{"SurveyEntry":{"SurveyID":"SV_3rgcmwEIQi6xwbk","SurveyName":"Fall23 -Individual Survey -","SurveyDescription":null,"SurveyOwnerID":"UR_4NqDYQurg5QLqdw","SurveyBrandID":"ucmerced","DivisionID":"DV_3sojxRqF0454s3H","SurveyLanguage":"EN","SurveyActiveResponseSet":"RS_6VAqcFnkbKNOu1w","SurveyStatus":"Active","SurveyStartDate":"0000-00-00 00:00:00","SurveyExpirationDate":"0000-00-00 00:00:00","SurveyCreationDate":"2023-10-16 11:37:56","CreatorID":"UR_4NqDYQurg5QLqdw","LastModified":"2023-10-16 13:52:19","LastAccessed":"0000-00-00 00:00:00","LastActivated":"2023-10-16 11:39:23","Deleted":null},"SurveyElements":[{"SurveyID":"SV_3rgcmwEIQi6xwbk","Element":"BL","PrimaryAttribute":"Survey Blocks","SecondaryAttribute":null,"TertiaryAttribute":null,"Payload":[{"Type":"Default","Description":"Default Question Block","ID":"BL_26un6CL8ku2GP9c","BlockElements":[{"Type":"Question","QuestionID":"QID1"},{"Type":"Question","QuestionID":"QID2"},{"Type":"Question","QuestionID":"QID3"},{"Type":"Question","QuestionID":"QID4"},{"Type":"Page Break"},{"Type":"Question","QuestionID":"QID9"}],"Options":{"BlockLocking":"false","RandomizeQuestions":"false","BlockVisibility":"Expanded"}},{"Type":"Trash","Description":"Trash \/ Unused Questions","ID":"BL_2af7lye94knug9E","BlockElements":[]},{"Type":"Standard","SubType":"","Description":"Demographics","ID":"BL_8uj7Kqra8McrY9g","BlockElements":[{"Type":"Question","QuestionID":"QID5"},{"Type":"Question","QuestionID":"QID6"},{"Type":"Question","QuestionID":"QID7"},{"Type":"Question","QuestionID":"QID8"}]}]},{"SurveyID":"SV_3rgcmwEIQi6xwbk","Element":"FL","PrimaryAttribute":"Survey Flow","SecondaryAttribute":null,"TertiaryAttribute":null,"Payload":{"Flow":[{"ID":"BL_26un6CL8ku2GP9c","Type":"Block","FlowID":"FL_2"},{"ID":"BL_8uj7Kqra8McrY9g","Type":"Standard","FlowID":"FL_3"}],"Properties":{"Count":3},"FlowID":"FL_1","Type":"Root"}},{"SurveyID":"SV_3rgcmwEIQi6xwbk","Element":"PL","PrimaryAttribute":"Preview Link","SecondaryAttribute":null,"TertiaryAttribute":null,"Payload":{"PreviewType":"Brand","PreviewID":"e636dd50-33b6-434b-95be-031715b036a6"}},{"SurveyID":"SV_3rgcmwEIQi6xwbk","Element":"RS","PrimaryAttribute":"RS_6VAqcFnkbKNOu1w","SecondaryAttribute":null,"TertiaryAttribute":null,"Payload":null},{"SurveyID":"SV_3rgcmwEIQi6xwbk","Element":"SO","PrimaryAttribute":"Survey Options","SecondaryAttribute":null,"TertiaryAttribute":null,"Payload":{"BackButton":"false","SaveAndContinue":"true","SurveyProtection":"PublicSurvey","BallotBoxStuffingPrevention":"false","NoIndex":"Yes","SecureResponseFiles":"true","SurveyExpiration":"None","SurveyTermination":"DefaultMessage","Header":"","Footer":"","ProgressBarDisplay":"None","PartialData":"+1 week","ValidationMessage":"","PreviousButton":"","NextButton":"","SurveyTitle":"Qualtrics Survey | Qualtrics Experience Management","SkinLibrary":"ucmerced","SkinType":"MQ","Skin":"ucmerced","NewScoring":1,"ProtectSelectionIds":true,"SurveyMetaDescription":"The most powerful, simple and trusted way to gather experience data. Start your journey to experience management and try a free account today.","SurveyName":"Fall23 ENG 067 -Individual Survey -"}},{"SurveyID":"SV_3rgcmwEIQi6xwbk","Element":"SCO","PrimaryAttribute":"Scoring","SecondaryAttribute":null,"TertiaryAttribute":null,"Payload":{"ScoringCategories":[],"ScoringCategoryGroups":[],"ScoringSummaryCategory":null,"ScoringSummaryAfterQuestions":0,"ScoringSummaryAfterSurvey":0,"DefaultScoringCategory":null,"AutoScoringCategory":null}},{"SurveyID":"SV_3rgcmwEIQi6xwbk","Element":"PROJ","PrimaryAttribute":"CORE","SecondaryAttribute":null,"TertiaryAttribute":"1.1.0","Payload":{"ProjectCategory":"CORE","SchemaVersion":"1.1.0"}},{"SurveyID":"SV_3rgcmwEIQi6xwbk","Element":"STAT","PrimaryAttribute":"Survey Statistics","SecondaryAttribute":null,"TertiaryAttribute":null,"Payload":{"MobileCompatible":true,"ID":"Survey Statistics"}},{"SurveyID":"SV_3rgcmwEIQi6xwbk","Element":"SQ","PrimaryAttribute":"QID2","SecondaryAttribute":"1. What helps your learning in this class? Please be specific and provide examples. I.e.: \u201c______.","TertiaryAttribute":null,"Payload":{"QuestionText":"1. What helps your learning in this class? Please be <u>specific<\/u> and <u>provide examples.<\/u>\n<div>I.e.: \u201c___________ helps my learning because ____________\u201d&nbsp;<\/div>","DefaultChoices":false,"DataExportTag":"Q2","QuestionType":"TE","Selector":"ESTB","Configuration":{"QuestionDescriptionOption":"UseText"},"QuestionDescription":"1. What helps your learning in this class? Please be specific and provide examples. I.e.: \u201c______...","Validation":{"Settings":{"ForceResponse":"OFF","Type":"None"}},"GradingData":[],"Language":[],"NextChoiceId":4,"NextAnswerId":1,"SearchSource":{"AllowFreeResponse":"false"},"QuestionID":"QID2","DataVisibility":{"Private":false,"Hidden":false}}},{"SurveyID":"SV_3rgcmwEIQi6xwbk","Element":"QC","PrimaryAttribute":"Survey Question Count","SecondaryAttribute":"11","TertiaryAttribute":null,"Payload":null},{"SurveyID":"SV_3rgcmwEIQi6xwbk","Element":"SQ","PrimaryAttribute":"QID3","SecondaryAttribute":"2. What changes could the instructor make to improve your learning?\u00a0Please be specific and provid..","TertiaryAttribute":null,"Payload":{"QuestionText":"2. What changes could the instructor make to improve your learning?&nbsp;Please be <u>specific<\/u> and <u>provide examples.<\/u>\n<div>I.e.: \u201cThe instructor should _________ because __________\u201d<\/div>","DefaultChoices":false,"DataExportTag":"Q3","QuestionType":"TE","Selector":"ESTB","Configuration":{"QuestionDescriptionOption":"UseText"},"QuestionDescription":"2. What changes could the instructor make to improve your learning?\u00a0Please be specific and provid...","Validation":{"Settings":{"ForceResponse":"OFF","Type":"None"}},"GradingData":[],"Language":[],"NextChoiceId":4,"NextAnswerId":1,"SearchSource":{"AllowFreeResponse":"false"},"QuestionID":"QID3","DataVisibility":{"Private":false,"Hidden":false}}},{"SurveyID":"SV_3rgcmwEIQi6xwbk","Element":"SQ","PrimaryAttribute":"QID4","SecondaryAttribute":"3. What actions would you take to improve your learning\u00a0in this class?\u00a0Please be specific and pro.","TertiaryAttribute":null,"Payload":{"QuestionText":"3. What actions would <u><em>you <\/em><\/u>take to improve your learning&nbsp;in this class?&nbsp;Please be <u>specific<\/u> and <u>provide examples.<\/u><br \/>\nI.e.:&nbsp;&ldquo;To help my own learning, I should __________ because ______&rdquo;&nbsp;","DefaultChoices":false,"DataExportTag":"Q4","QuestionType":"TE","Selector":"ESTB","Configuration":{"QuestionDescriptionOption":"UseText"},"QuestionDescription":"3. What actions would you take to improve your learning\u00a0in this class?\u00a0Please be specific and pro...","Validation":{"Settings":{"ForceResponse":"OFF","Type":"None"}},"GradingData":[],"Language":[],"NextChoiceId":4,"NextAnswerId":1,"SearchSource":{"AllowFreeResponse":"false"},"QuestionID":"QID4","DataVisibility":{"Private":false,"Hidden":false}}},{"SurveyID":"SV_3rgcmwEIQi6xwbk","Element":"SQ","PrimaryAttribute":"QID5","SecondaryAttribute":"4. Are you a first-generation college student?","TertiaryAttribute":null,"Payload":{"QuestionText":"4. Are you a first-generation college student?","DefaultChoices":false,"DataExportTag":"Q5","QuestionID":"QID5","QuestionType":"MC","Selector":"SAVR","SubSelector":"TX","Configuration":{"QuestionDescriptionOption":"UseText"},"QuestionDescription":"4. Are you a first-generation college student?","Choices":{"1":{"Display":"Yes"},"2":{"Display":"No"},"3":{"Display":"Prefer not to say"}},"ChoiceOrder":[1,2,"3"],"Validation":{"Settings":{"ForceResponse":"OFF","Type":"None"}},"GradingData":[],"Language":[],"NextChoiceId":4,"NextAnswerId":1,"DataVisibility":{"Private":false,"Hidden":false}}},{"SurveyID":"SV_3rgcmwEIQi6xwbk","Element":"SQ","PrimaryAttribute":"QID6","SecondaryAttribute":"5. What is your race\/ethnicity? Please select all that apply.","TertiaryAttribute":null,"Payload":{"QuestionText":"5. What is your race\/ethnicity? Please select all that apply.","DefaultChoices":false,"DataExportTag":"Q6","QuestionType":"MC","Selector":"MAVR","SubSelector":"TX","Configuration":{"QuestionDescriptionOption":"UseText"},"QuestionDescription":"5. What is your race\/ethnicity? Please select all that apply.","Choices":{"1":{"Display":"Asian"},"2":{"Display":"Black\/African American"},"3":{"Display":"Hispanic\/Latino\/Latina\/Latinx"},"4":{"Display":"Native American\/Alaska Native"},"5":{"Display":"Native Hawaiian\/Pacific Islander"},"6":{"Display":"Other (Please specify)","TextEntry":"true"},"7":{"Display":"White"},"8":{"Display":"Prefer not to say"}},"ChoiceOrder":[1,2,3,4,5,6,7,"8"],"Validation":{"Settings":{"ForceResponse":"OFF","Type":"None"}},"GradingData":[],"Language":[],"NextChoiceId":9,"NextAnswerId":1,"QuestionID":"QID6","DataVisibility":{"Private":false,"Hidden":false}}},{"SurveyID":"SV_3rgcmwEIQi6xwbk","Element":"SQ","PrimaryAttribute":"QID7","SecondaryAttribute":"6. What is your gender identity?","TertiaryAttribute":null,"Payload":{"QuestionText":"6. What is your gender identity?","DefaultChoices":false,"DataExportTag":"Q7","QuestionType":"MC","Selector":"SAVR","SubSelector":"TX","Configuration":{"QuestionDescriptionOption":"UseText"},"QuestionDescription":"6. What is your gender identity?","Choices":{"1":{"Display":"Male"},"2":{"Display":"Female"},"3":{"Display":"Non-binary \/ third gender"},"4":{"Display":"Agender"},"5":{"Display":"Prefer not to say"}},"ChoiceOrder":[1,2,3,4,5],"Validation":{"Settings":{"ForceResponse":"OFF","Type":"None"}},"GradingData":[],"Language":[],"NextChoiceId":6,"NextAnswerId":1,"QuestionID":"QID7"}},{"SurveyID":"SV_3rgcmwEIQi6xwbk","Element":"SQ","PrimaryAttribute":"QID8","SecondaryAttribute":"7. What is your academic standing? ","TertiaryAttribute":null,"Payload":{"QuestionText":"7. What is your academic standing?&nbsp;","DefaultChoices":false,"DataExportTag":"Q8","QuestionType":"MC","Selector":"SAVR","SubSelector":"TX","Configuration":{"QuestionDescriptionOption":"UseText"},"QuestionDescription":"7. What is your academic standing? ","Choices":{"1":{"Display":"Freshman"},"2":{"Display":"Sophomore"},"3":{"Display":"Junior"},"4":{"Display":"Senior"},"5":{"Display":"Prefer not to say"}},"ChoiceOrder":[1,2,3,4,"5"],"Validation":{"Settings":{"ForceResponse":"OFF","Type":"None"}},"GradingData":[],"Language":[],"NextChoiceId":6,"NextAnswerId":1,"QuestionID":"QID8","DataVisibility":{"Private":false,"Hidden":false}}},{"SurveyID":"SV_3rgcmwEIQi6xwbk","Element":"SQ","PrimaryAttribute":"QID1","SecondaryAttribute":"ENG 067 Course Feedback - Individual Survey- \u00a0 The purpose of this activity is to provide your in..","TertiaryAttribute":null,"Payload":{"QuestionText":"<div style=\"text-align: center;\"><b>ENG 067 Course Feedback - Individual Survey-<\/b><br>\n&nbsp;<\/div>\n\n<div style=\"text-align: left;\">The purpose of this activity is to provide your instructor&nbsp;with information about their teaching effectiveness in this course. <em>Your answers will be kept confidential and will not affect your grade for the course.<\/em> Please be as accurate and candid as possible.<br>\n&nbsp;<\/div>\n\n<div style=\"text-align: center;\">&nbsp;<\/div>\n\n<div style=\"text-align: center;\">&nbsp;<\/div>","DefaultChoices":false,"DataExportTag":"Q0","QuestionID":"QID1","QuestionType":"DB","Selector":"TB","Configuration":{"QuestionDescriptionOption":"UseText"},"QuestionDescription":"ENG 067 Course Feedback - Individual Survey- \u00a0 The purpose of this activity is to provide your in...","ChoiceOrder":[],"Validation":{"Settings":{"Type":"None"}},"GradingData":[],"Language":[],"NextChoiceId":2,"NextAnswerId":1,"DataVisibility":{"Private":false,"Hidden":false}}},{"SurveyID":"SV_3rgcmwEIQi6xwbk","Element":"SQ","PrimaryAttribute":"QID9","SecondaryAttribute":"Once you complete this form, we'll proceed with the group discussion to collect the class consens...","TertiaryAttribute":null,"Payload":{"QuestionText":"Once you complete this form, we'll proceed with the group discussion to collect the class consensus on the responses.","DefaultChoices":false,"DataExportTag":"Q9","QuestionType":"DB","Selector":"TB","Configuration":{"QuestionDescriptionOption":"UseText"},"QuestionDescription":"Once you complete this form, we'll proceed with the group discussion to collect the class consens...","ChoiceOrder":[],"Validation":{"Settings":{"Type":"None"}},"GradingData":[],"Language":[],"NextChoiceId":4,"NextAnswerId":1,"QuestionID":"QID9"}}]}